Microsoft Visual Studio Solution File, Format Version 12.00
# Visual Studio Version 17
VisualStudioVersion = 17.13.35919.96
MinimumVisualStudioVersion = 10.0.40219.1
Project("{FAE04EC0-301F-11D3-BF4B-00C04F79EFBC}") = "PatitasFelices.Server", "PatitasFelices.Server\PatitasFelices.Server.csproj", "{43C6D1F5-A9C2-4E1F-BB9B-6672A8B3432A}"
EndProject
Project("{FAE04EC0-301F-11D3-BF4B-00C04F79EFBC}") = "PatitasFelices.BD", "PatitasFelices.BD\PatitasFelices.BD.csproj", "{AA33288D-925F-4EA6-9C75-B8EDC46E6850}"
EndProject
Project("{FAE04EC0-301F-11D3-BF4B-00C04F79EFBC}") = "PatitasFelices.Shared", "PatitasFelices.Shared\PatitasFelices.Shared.csproj", "{633DFF67-1C1A-4581-861A-364E14B44DCE}"
EndProject
Project("{FAE04EC0-301F-11D3-BF4B-00C04F79EFBC}") = "PatitasFelices.Client", "PatitasFelices.Client\PatitasFelices.Client.csproj", "{28BC6FB3-8986-4FC5-B131-6852955A1097}"
EndProject
Global
	GlobalSection(SolutionConfigurationPlatforms) = preSolution
		Debug|Any CPU = Debug|Any CPU
		Release|Any CPU = Release|Any CPU
	EndGlobalSection
	GlobalSection(ProjectConfigurationPlatforms) = postSolution
		{43C6D1F5-A9C2-4E1F-BB9B-6672A8B3432A}.Debug|Any CPU.ActiveCfg = Debug|Any CPU
		{43C6D1F5-A9C2-4E1F-BB9B-6672A8B3432A}.Debug|Any CPU.Build.0 = Debug|Any CPU
		{43C6D1F5-A9C2-4E1F-BB9B-6672A8B3432A}.Release|Any CPU.ActiveCfg = Release|Any CPU
		{43C6D1F5-A9C2-4E1F-BB9B-6672A8B3432A}.Release|Any CPU.Build.0 = Release|Any CPU
		{AA33288D-925F-4EA6-9C75-B8EDC46E6850}.Debug|Any CPU.ActiveCfg = Debug|Any CPU
		{AA33288D-925F-4EA6-9C75-B8EDC46E6850}.Debug|Any CPU.Build.0 = Debug|Any CPU
		{AA33288D-925F-4EA6-9C75-B8EDC46E6850}.Release|Any CPU.ActiveCfg = Release|Any CPU
		{AA33288D-925F-4EA6-9C75-B8EDC46E6850}.Release|Any CPU.Build.0 = Release|Any CPU
		{633DFF67-1C1A-4581-861A-364E14B44DCE}.Debug|Any CPU.ActiveCfg = Debug|Any CPU
		{633DFF67-1C1A-4581-861A-364E14B44DCE}.Debug|Any CPU.Build.0 = Debug|Any CPU
		{633DFF67-1C1A-4581-861A-364E14B44DCE}.Release|Any CPU.ActiveCfg = Release|Any CPU
		{633DFF67-1C1A-4581-861A-364E14B44DCE}.Release|Any CPU.Build.0 = Release|Any CPU
		{28BC6FB3-8986-4FC5-B131-6852955A1097}.Debug|Any CPU.ActiveCfg = Debug|Any CPU
		{28BC6FB3-8986-4FC5-B131-6852955A1097}.Debug|Any CPU.Build.0 = Debug|Any CPU
		{28BC6FB3-8986-4FC5-B131-6852955A1097}.Release|Any CPU.ActiveCfg = Release|Any CPU
		{28BC6FB3-8986-4FC5-B131-6852955A1097}.Release|Any CPU.Build.0 = Release|Any CPU
	EndGlobalSection
	GlobalSection(SolutionProperties) = preSolution
		HideSolutionNode = FALSE
	EndGlobalSection
	GlobalSection(ExtensibilityGlobals) = postSolution
		SolutionGuid = {C1BAC576-6EE7-48B4-BC15-7CA80278613B}
	EndGlobalSection
EndGlobal
